// !$*UTF8*$!
{
	archiveVersion = 1;
	classes = {
	};
	objectVersion = 46;
	objects = {

/* Begin PBXBuildFile section */
		C5FD249B1D333FE900A7CA89 /* main.m in Sources */ = {isa = PBXBuildFile; fileRef = C5FD249A1D333FE900A7CA89 /* main.m */; };
		C5FD249E1D333FE900A7CA89 /* AppDelegate.m in Sources */ = {isa = PBXBuildFile; fileRef = C5FD249D1D333FE900A7CA89 /* AppDelegate.m */; };
		C5FD24A11D333FE900A7CA89 /* ViewController.m in Sources */ = {isa = PBXBuildFile; fileRef = C5FD24A01D333FE900A7CA89 /* ViewController.m */; };
		C5FD24A41D333FE900A7CA89 /* Main.storyboard in Resources */ = {isa = PBXBuildFile; fileRef = C5FD24A21D333FE900A7CA89 /* Main.storyboard */; };
		C5FD24A61D333FE900A7CA89 /* Assets.xcassets in Resources */ = {isa = PBXBuildFile; fileRef = C5FD24A51D333FE900A7CA89 /* Assets.xcassets */; };
		C5FD24A91D333FE900A7CA89 /* LaunchScreen.storyboard in Resources */ = {isa = PBXBuildFile; fileRef = C5FD24A71D333FE900A7CA89 /* LaunchScreen.storyboard */; };
/* End PBXBuildFile section */

/* Begin PBXFileReference section */
		C5FD24961D333FE900A7CA89 /* tuWenZhiBo.app */ = {isa = PBXFileReference; explicitFileType = wrapper.application; includeInIndex = 0; path = tuWenZhiBo.app; sourceTree = BUILT_PRODUCTS_DIR; };
		C5FD249A1D333FE900A7CA89 /* main.m */ = {isa = PBXFileReference; lastKnownFileType = sourcecode.c.objc; path = main.m; sourceTree = "<group>"; };
		C5FD249C1D333FE900A7CA89 /* AppDelegate.h */ = {isa = PBXFileReference; lastKnownFileType = sourcecode.c.h; path = AppDelegate.h; sourceTree = "<group>"; };
		C5FD249D1D333FE900A7CA89 /* AppDelegate.m */ = {isa = PBXFileReference; lastKnownFileType = sourcecode.c.objc; path = AppDelegate.m; sourceTree = "<group>"; };
		C5FD249F1D333FE900A7CA89 /* ViewController.h */ = {isa = PBXFileReference; lastKnownFileType = sourcecode.c.h; path = ViewController.h; sourceTree = "<group>"; };
		C5FD24A01D333FE900A7CA89 /* ViewController.m */ = {isa = PBXFileReference; lastKnownFileType = sourcecode.c.objc; path = ViewController.m; sourceTree = "<group>"; };
		C5FD24A31D333FE900A7CA89 /* Base */ = {isa = PBXFileReference; lastKnownFileType = file.storyboard; name = Base; path = Base.lproj/Main.storyboard; sourceTree = "<group>"; };
		C5FD24A51D333FE900A7CA89 /* Assets.xcassets */ = {isa = PBXFileReference; lastKnownFileType = folder.assetcatalog; path = Assets.xcassets; sourceTree = "<group>"; };
		C5FD24A81D333FE900A7CA89 /* Base */ = {isa = PBXFileReference; lastKnownFileType = file.storyboard; name = Base; path = Base.lproj/LaunchScreen.storyboard; sourceTree = "<group>"; };
		C5FD24AA1D333FE900A7CA89 /* Info.plist */ = {isa = PBXFileReference; lastKnownFileType = text.plist.xml; path = Info.plist; sourceTree = "<group>"; };
/* End PBXFileReference section */

/* Begin PBXFrameworksBuildPhase section */
		C5FD24931D333FE900A7CA89 /* Frameworks */ = {
			isa = PBXFrameworksBuildPhase;
			buildActionMask = 2147483647;
			files = (
			);
			runOnlyForDeploymentPostprocessing = 0;
		};
/* End PBXFrameworksBuildPhase section */

/* Begin PBXGroup section */
		C5FD248D1D333FE900A7CA89 = {
			isa = PBXGroup;
			children = (
				C5FD24981D333FE900A7CA89 /* tuWenZhiBo */,
				C5FD24971D333FE900A7CA89 /* Products */,
			);
			sourceTree = "<group>";
		};
		C5FD24971D333FE900A7CA89 /* Products */ = {
			isa = PBXGroup;
			children = (
				C5FD24961D333FE900A7CA89 /* tuWenZhiBo.app */,
			);
			name = Products;
			sourceTree = "<group>";
		};
		C5FD24981D333FE900A7CA89 /* tuWenZhiBo */ = {
			isa = PBXGroup;
			children = (
				C5FD249C1D333FE900A7CA89 /* AppDelegate.h */,
				C5FD249D1D333FE900A7CA89 /* AppDelegate.m */,
				C5FD249F1D333FE900A7CA89 /* ViewController.h */,
				C5FD24A01D333FE900A7CA89 /* ViewController.m */,
				C5FD24A21D333FE900A7CA89 /* Main.storyboard */,
				C5FD24A51D333FE900A7CA89 /* Assets.xcassets */,
				C5FD24A71D333FE900A7CA89 /* LaunchScreen.storyboard */,
				C5FD24AA1D333FE900A7CA89 /* Info.plist */,
				C5FD24991D333FE900A7CA89 /* Supporting Files */,
			);
			path = tuWenZhiBo;
			sourceTree = "<group>";
		};
		C5FD24991D333FE900A7CA89 /* Supporting Files */ = {
			isa = PBXGroup;
			children = (
				C5FD249A1D333FE900A7CA89 /* main.m */,
			);
			name = "Supporting Files";
			sourceTree = "<group>";
		};
/* End PBXGroup section */

/* Begin PBXNativeTarget section */
		C5FD24951D333FE900A7CA89 /* tuWenZhiBo */ = {
			isa = PBXNativeTarget;
			buildConfigurationList = C5FD24AD1D333FE900A7CA89 /* Build configuration list for PBXNativeTarget "tuWenZhiBo" */;
			buildPhases = (
				C5FD24921D333FE900A7CA89 /* Sources */,
				C5FD24931D333FE900A7CA89 /* Frameworks */,
				C5FD24941D333FE900A7CA89 /* Resources */,
			);
			buildRules = (
			);
			dependencies = (
			);
			name = tuWenZhiBo;
			productName = tuWenZhiBo;
			productReference = C5FD24961D333FE900A7CA89 /* tuWenZhiBo.app */;
			productType = "com.apple.product-type.application";
		};
/* End PBXNativeTarget section */

/* Begin PBXProject section */
		C5FD248E1D333FE900A7CA89 /* Project object */ = {
			isa = PBXProject;
			attributes = {
				LastUpgradeCheck = 0730;
				ORGANIZATIONNAME = jntv;
				TargetAttributes = {
					C5FD24951D333FE900A7CA89 = {
						CreatedOnToolsVersion = 7.3.1;
					};
				};
			};
			buildConfigurationList = C5FD24911D333FE900A7CA89 /* Build configuration list for PBXProject "tuWenZhiBo" */;
			compatibilityVersion = "Xcode 3.2";
			developmentRegion = English;
			hasScannedForEncodings = 0;
			knownRegions = (
				en,
				Base,
			);
			mainGroup = C5FD248D1D333FE900A7CA89;
			productRefGroup = C5FD24971D333FE900A7CA89 /* Products */;
			projectDirPath = "";
			projectRoot = "";
			targets = (
				C5FD24951D333FE900A7CA89 /* tuWenZhiBo */,
			);
		};
/* End PBXProject section */

/* Begin PBXResourcesBuildPhase section */
		C5FD24941D333FE900A7CA89 /* Resources */ = {
			isa = PBXResourcesBuildPhase;
			buildActionMask = 2147483647;
			files = (
				C5FD24A91D333FE900A7CA89 /* LaunchScreen.storyboard in Resources */,
				C5FD24A61D333FE900A7CA89 /* Assets.xcassets in Resources */,
				C5FD24A41D333FE900A7CA89 /* Main.storyboard in Resources */,
			);
			runOnlyForDeploymentPostprocessing = 0;
		};
/* End PBXResourcesBuildPhase section */

/* Begin PBXSourcesBuildPhase section */
		C5FD24921D333FE900A7CA89 /* Sources */ = {
			isa = PBXSourcesBuildPhase;
			buildActionMask = 2147483647;
			files = (
				C5FD24A11D333FE900A7CA89 /* ViewController.m in Sources */,
				C5FD249E1D333FE900A7CA89 /* AppDelegate.m in Sources */,
				C5FD249B1D333FE900A7CA89 /* main.m in Sources */,
			);
			runOnlyForDeploymentPostprocessing = 0;
		};
/* End PBXSourcesBuildPhase section */

/* Begin PBXVariantGroup section */
		C5FD24A21D333FE900A7CA89 /* Main.storyboard */ = {
			isa = PBXVariantGroup;
			children = (
				C5FD24A31D333FE900A7CA89 /* Base */,
			);
			name = Main.storyboard;
			sourceTree = "<group>";
		};
		C5FD24A71D333FE900A7CA89 /* LaunchScreen.storyboard */ = {
			isa = PBXVariantGroup;
			children = (
				C5FD24A81D333FE900A7CA89 /* Base */,
			);
			name = LaunchScreen.storyboard;
			sourceTree = "<group>";
		};
/* End PBXVariantGroup section */

/* Begin XCBuildConfiguration section */
		C5FD24AB1D333FE900A7CA89 /* Debug */ = {
			isa = XCBuildConfiguration;
			buildSettings = {
				ALWAYS_SEARCH_USER_PATHS = NO;
				CLANG_ANALYZER_NONNULL = YES;
				CLANG_CXX_LANGUAGE_STANDARD = "gnu++0x";
				CLANG_CXX_LIBRARY = "libc++";
				CLANG_ENABLE_MODULES = YES;
				CLANG_ENABLE_OBJC_ARC = YES;
				CLANG_WARN_BOOL_CONVERSION = YES;
				CLANG_WARN_CONSTANT_CONVERSION = YES;
				CLANG_WARN_DIRECT_OBJC_ISA_USAGE = YES_ERROR;
				CLANG_WARN_EMPTY_BODY = YES;
				CLANG_WARN_ENUM_CONVERSION = YES;
				CLANG_WARN_INT_CONVERSION = YES;
				CLANG_WARN_OBJC_ROOT_CLASS = YES_ERROR;
				CLANG_WARN_UNREACHABLE_CODE = YES;
				CLANG_WARN__DUPLICATE_METHOD_MATCH = YES;
				"CODE_SIGN_IDENTITY[sdk=iphoneos*]" = "iPhone Developer";
				COPY_PHASE_STRIP = NO;
				DEBUG_INFORMATION_FORMAT = dwarf;
				ENABLE_STRICT_OBJC_MSGSEND = YES;
				ENABLE_TESTABILITY = YES;
				GCC_C_LANGUAGE_STANDARD = gnu99;
				GCC_DYNAMIC_NO_PIC = NO;
				GCC_NO_COMMON_BLOCKS = YES;
				GCC_OPTIMIZATION_LEVEL = 0;
				GCC_PREPROCESSOR_DEFINITIONS = (
					"DEBUG=1",
					"$(inherited)",
				);
				GCC_WARN_64_TO_32_BIT_CONVERSION = YES;
				GCC_WARN_ABOUT_RETURN_TYPE = YES_ERROR;
				GCC_WARN_UNDECLARED_SELECTOR = YES;
				GCC_WARN_UNINITIALIZED_AUTOS = YES_AGGRESSIVE;
				GCC_WARN_UNUSED_FUNCTION = YES;
				GCC_WARN_UNUSED_VARIABLE = YES;
				IPHONEOS_DEPLOYMENT_TARGET = 9.3;
				MTL_ENABLE_DEBUG_INFO = YES;
				ONLY_ACTIVE_ARCH = YES;
				SDKROOT = iphoneos;
			};
			name = Debug;
		};
		C5FD24AC1D333FE900A7CA89 /* Release */ = {
			isa = XCBuildConfiguration;
			buildSettings = {
				ALWAYS_SEARCH_USER_PATHS = NO;
				CLANG_ANALYZER_NONNULL = YES;
				CLANG_CXX_LANGUAGE_STANDARD = "gnu++0x";
				CLANG_CXX_LIBRARY = "libc++";
				CLANG_ENABLE_MODULES = YES;
				CLANG_ENABLE_OBJC_ARC = YES;
				CLANG_WARN_BOOL_CONVERSION = YES;
				CLANG_WARN_CONSTANT_CONVERSION = YES;
				CLANG_WARN_DIRECT_OBJC_ISA_USAGE = YES_ERROR;
				CLANG_WARN_EMPTY_BODY = YES;
				CLANG_WARN_ENUM_CONVERSION = YES;
				CLANG_WARN_INT_CONVERSION = YES;
				CLANG_WARN_OBJC_ROOT_CLASS = YES_ERROR;
				CLANG_WARN_UNREACHABLE_CODE = YES;
				CLANG_WARN__DUPLICATE_METHOD_MATCH = YES;
				"CODE_SIGN_IDENTITY[sdk=iphoneos*]" = "iPhone Developer";
				COPY_PHASE_STRIP = NO;
				DEBUG_INFORMATION_FORMAT = "dwarf-with-dsym";
				ENABLE_NS_ASSERTIONS = NO;
				ENABLE_STRICT_OBJC_MSGSEND = YES;
				GCC_C_LANGUAGE_STANDARD = gnu99;
				GCC_NO_COMMON_BLOCKS = YES;
				GCC_WARN_64_TO_32_BIT_CONVERSION = YES;
				GCC_WARN_ABOUT_RETURN_TYPE = YES_ERROR;
				GCC_WARN_UNDECLARED_SELECTOR = YES;
				GCC_WARN_UNINITIALIZED_AUTOS = YES_AGGRESSIVE;
				GCC_WARN_UNUSED_FUNCTION = YES;
				GCC_WARN_UNUSED_VARIABLE = YES;
				IPHONEOS_DEPLOYMENT_TARGET = 9.3;
				MTL_ENABLE_DEBUG_INFO = NO;
				SDKROOT = iphoneos;
				VALIDATE_PRODUCT = YES;
			};
			name = Release;
		};
		C5FD24AE1D333FE900A7CA89 /* Debug */ = {
			isa = XCBuildConfiguration;
			buildSettings = {
				ASSETCATALOG_COMPILER_APPICON_NAME = AppIcon;
				INFOPLIST_FILE = tuWenZhiBo/Info.plist;
				LD_RUNPATH_SEARCH_PATHS = "$(inherited) @executable_path/Frameworks";
				PRODUCT_BUNDLE_IDENTIFIER = jntv.lihaoyi.tuWenZhiBo;
				PRODUCT_NAME = "$(TARGET_NAME)";
			};
			name = Debug;
		};
		C5FD24AF1D333FE900A7CA89 /* Release */ = {
			isa = XCBuildConfiguration;
			buildSettings = {
				ASSETCATALOG_COMPILER_APPICON_NAME = AppIcon;
				INFOPLIST_FILE = tuWenZhiBo/Info.plist;
				LD_RUNPATH_SEARCH_PATHS = "$(inherited) @executable_path/Frameworks";
				PRODUCT_BUNDLE_IDENTIFIER = jntv.lihaoyi.tuWenZhiBo;
				PRODUCT_NAME = "$(TARGET_NAME)";
			};
			name = Release;
		};
/* End XCBuildConfiguration section */

/* Begin XCConfigurationList section */
		C5FD24911D333FE900A7CA89 /* Build configuration list for PBXProject "tuWenZhiBo" */ = {
			isa = XCConfigurationList;
			buildConfigurations = (
				C5FD24AB1D333FE900A7CA89 /* Debug */,
				C5FD24AC1D333FE900A7CA89 /* Release */,
			);
			defaultConfigurationIsVisible = 0;
			defaultConfigurationName = Release;
		};
		C5FD24AD1D333FE900A7CA89 /* Build configuration list for PBXNativeTarget "tuWenZhiBo" */ = {
			isa = XCConfigurationList;
			buildConfigurations = (
				C5FD24AE1D333FE900A7CA89 /* Debug */,
				C5FD24AF1D333FE900A7CA89 /* Release */,
			);
			defaultConfigurationIsVisible = 0;
		};
/* End XCConfigurationList section */
	};
	rootObject = C5FD248E1D333FE900A7CA89 /* Project object */;
}
