// !$*UTF8*$!
{
	archiveVersion = 1;
	classes = {
	};
	objectVersion = 46;
	objects = {

/* Begin PBXBuildFile section */
		C510882C1D34E821006EF7C1 /* HYTabBarController.m in Sources */ = {isa = PBXBuildFile; fileRef = C510882B1D34E821006EF7C1 /* HYTabBarController.m */; };
		C510882F1D34E97A006EF7C1 /* HYCreateProjectVC.m in Sources */ = {isa = PBXBuildFile; fileRef = C510882E1D34E97A006EF7C1 /* HYCreateProjectVC.m */; };
		C51088321D34E9AE006EF7C1 /* HYPublishPictureAndWordVC.m in Sources */ = {isa = PBXBuildFile; fileRef = C51088311D34E9AE006EF7C1 /* HYPublishPictureAndWordVC.m */; };
		C51088351D34E9D1006EF7C1 /* HYPreviewProjectVC.m in Sources */ = {isa = PBXBuildFile; fileRef = C51088341D34E9D1006EF7C1 /* HYPreviewProjectVC.m */; };
		C51088381D34E9E6006EF7C1 /* HYManageCommentVC.m in Sources */ = {isa = PBXBuildFile; fileRef = C51088371D34E9E6006EF7C1 /* HYManageCommentVC.m */; };
		C510883B1D34EA01006EF7C1 /* HYManageProjectVC.m in Sources */ = {isa = PBXBuildFile; fileRef = C510883A1D34EA01006EF7C1 /* HYManageProjectVC.m */; };
		C51088411D34ECB8006EF7C1 /* HYNavigationController.m in Sources */ = {isa = PBXBuildFile; fileRef = C51088401D34ECB8006EF7C1 /* HYNavigationController.m */; };
		C52570161D45F150006DEFA1 /* HYPickerView.m in Sources */ = {isa = PBXBuildFile; fileRef = C52570151D45F150006DEFA1 /* HYPickerView.m */; };
		C52579BE1D46FB81006080D2 /* HYPublishPicAndWordItem.m in Sources */ = {isa = PBXBuildFile; fileRef = C52579BD1D46FB81006080D2 /* HYPublishPicAndWordItem.m */; };
		C5458ECF1D3F19360019830D /* ImageChooseCloseBtn.png in Resources */ = {isa = PBXBuildFile; fileRef = C5458ECC1D3F19360019830D /* ImageChooseCloseBtn.png */; };
		C5458ED01D3F19360019830D /* LMJImageChooseControl.m in Sources */ = {isa = PBXBuildFile; fileRef = C5458ECE1D3F19360019830D /* LMJImageChooseControl.m */; };
		C547E0EE1D3DCC1E000C0F3A /* HYUserController.xib in Resources */ = {isa = PBXBuildFile; fileRef = C547E0ED1D3DCC1E000C0F3A /* HYUserController.xib */; };
		C55D7BE51D38D208002F2BC7 /* HYCreateProjectVC.xib in Resources */ = {isa = PBXBuildFile; fileRef = C55D7BE41D38D208002F2BC7 /* HYCreateProjectVC.xib */; };
		C564BDC41D363C950043E12B /* HYUserController.m in Sources */ = {isa = PBXBuildFile; fileRef = C564BDC31D363C950043E12B /* HYUserController.m */; };
		C5707ED11D37246000A4CA95 /* HYLoginController.m in Sources */ = {isa = PBXBuildFile; fileRef = C5707ECF1D37246000A4CA95 /* HYLoginController.m */; };
		C5707ED21D37246000A4CA95 /* HYLoginController.xib in Resources */ = {isa = PBXBuildFile; fileRef = C5707ED01D37246000A4CA95 /* HYLoginController.xib */; };
		C5707EDA1D37779E00A4CA95 /* MBProgressHUD+HYHUD.m in Sources */ = {isa = PBXBuildFile; fileRef = C5707ED61D37779E00A4CA95 /* MBProgressHUD+HYHUD.m */; };
		C5707EDB1D37779E00A4CA95 /* MBProgressHUD.bundle in Resources */ = {isa = PBXBuildFile; fileRef = C5707ED71D37779E00A4CA95 /* MBProgressHUD.bundle */; };
		C5707EDC1D37779E00A4CA95 /* MBProgressHUD.m in Sources */ = {isa = PBXBuildFile; fileRef = C5707ED91D37779E00A4CA95 /* MBProgressHUD.m */; };
		C5707EDF1D377B1500A4CA95 /* HYUserInfo.m in Sources */ = {isa = PBXBuildFile; fileRef = C5707EDE1D377B1500A4CA95 /* HYUserInfo.m */; };
		C5A70B721D3C6ECF00900D0F /* HYPublishPictureAndWordVC.xib in Resources */ = {isa = PBXBuildFile; fileRef = C5A70B711D3C6ECF00900D0F /* HYPublishPictureAndWordVC.xib */; };
		C5A70B741D3CB8D900900D0F /* HYPreviewProjectVC.xib in Resources */ = {isa = PBXBuildFile; fileRef = C5A70B731D3CB8D900900D0F /* HYPreviewProjectVC.xib */; };
		C5A70B761D3CBEDF00900D0F /* HYManageCommentVC.xib in Resources */ = {isa = PBXBuildFile; fileRef = C5A70B751D3CBEDF00900D0F /* HYManageCommentVC.xib */; };
		C5A70B781D3CC23C00900D0F /* HYManageProjectVC.xib in Resources */ = {isa = PBXBuildFile; fileRef = C5A70B771D3CC23C00900D0F /* HYManageProjectVC.xib */; };
		C5B2AF991D387896003F8B3A /* HYGlobeConst.m in Sources */ = {isa = PBXBuildFile; fileRef = C5B2AF981D387896003F8B3A /* HYGlobeConst.m */; };
		C5EFC6791D48AF2C00310ED2 /* HYUserManager.m in Sources */ = {isa = PBXBuildFile; fileRef = C5EFC6781D48AF2C00310ED2 /* HYUserManager.m */; };
		C5FCDDB31D35D80400E283F9 /* AppDelegate.m in Sources */ = {isa = PBXBuildFile; fileRef = C5FCDDB11D35D80400E283F9 /* AppDelegate.m */; };
		C5FCDDB61D35D82D00E283F9 /* UIView+HYFrame.m in Sources */ = {isa = PBXBuildFile; fileRef = C5FCDDB51D35D82D00E283F9 /* UIView+HYFrame.m */; };
		C5FCDDBA1D36182600E283F9 /* UIBarButtonItem+HYItem.m in Sources */ = {isa = PBXBuildFile; fileRef = C5FCDDB91D36182600E283F9 /* UIBarButtonItem+HYItem.m */; };
		C5FD249B1D333FE900A7CA89 /* main.m in Sources */ = {isa = PBXBuildFile; fileRef = C5FD249A1D333FE900A7CA89 /* main.m */; };
		C5FD24A61D333FE900A7CA89 /* Assets.xcassets in Resources */ = {isa = PBXBuildFile; fileRef = C5FD24A51D333FE900A7CA89 /* Assets.xcassets */; };
		C5FD24A91D333FE900A7CA89 /* LaunchScreen.storyboard in Resources */ = {isa = PBXBuildFile; fileRef = C5FD24A71D333FE900A7CA89 /* LaunchScreen.storyboard */; };
		DE356081FE266C713AC672EA /* libPods.a in Frameworks */ = {isa = PBXBuildFile; fileRef = 511F9BC4C6DE1DF47FB5BEB9 /* libPods.a */; };
/* End PBXBuildFile section */

/* Begin PBXFileReference section */
		511F9BC4C6DE1DF47FB5BEB9 /* libPods.a */ = {isa = PBXFileReference; explicitFileType = archive.ar; includeInIndex = 0; path = libPods.a; sourceTree = BUILT_PRODUCTS_DIR; };
		BEC9F7E651003E1DFA009687 /* Pods.release.xcconfig */ = {isa = PBXFileReference; includeInIndex = 1; lastKnownFileType = text.xcconfig; name = Pods.release.xcconfig; path = "Pods/Target Support Files/Pods/Pods.release.xcconfig"; sourceTree = "<group>"; };
		C510882A1D34E821006EF7C1 /* HYTabBarController.h */ = {isa = PBXFileReference; fileEncoding = 4; lastKnownFileType = sourcecode.c.h; path = HYTabBarController.h; sourceTree = "<group>"; };
		C510882B1D34E821006EF7C1 /* HYTabBarController.m */ = {isa = PBXFileReference; fileEncoding = 4; lastKnownFileType = sourcecode.c.objc; path = HYTabBarController.m; sourceTree = "<group>"; };
		C510882D1D34E97A006EF7C1 /* HYCreateProjectVC.h */ = {isa = PBXFileReference; fileEncoding = 4; lastKnownFileType = sourcecode.c.h; path = HYCreateProjectVC.h; sourceTree = "<group>"; };
		C510882E1D34E97A006EF7C1 /* HYCreateProjectVC.m */ = {isa = PBXFileReference; fileEncoding = 4; lastKnownFileType = sourcecode.c.objc; path = HYCreateProjectVC.m; sourceTree = "<group>"; };
		C51088301D34E9AE006EF7C1 /* HYPublishPictureAndWordVC.h */ = {isa = PBXFileReference; fileEncoding = 4; lastKnownFileType = sourcecode.c.h; path = HYPublishPictureAndWordVC.h; sourceTree = "<group>"; };
		C51088311D34E9AE006EF7C1 /* HYPublishPictureAndWordVC.m */ = {isa = PBXFileReference; fileEncoding = 4; lastKnownFileType = sourcecode.c.objc; path = HYPublishPictureAndWordVC.m; sourceTree = "<group>"; };
		C51088331D34E9D1006EF7C1 /* HYPreviewProjectVC.h */ = {isa = PBXFileReference; fileEncoding = 4; lastKnownFileType = sourcecode.c.h; path = HYPreviewProjectVC.h; sourceTree = "<group>"; };
		C51088341D34E9D1006EF7C1 /* HYPreviewProjectVC.m */ = {isa = PBXFileReference; fileEncoding = 4; lastKnownFileType = sourcecode.c.objc; path = HYPreviewProjectVC.m; sourceTree = "<group>"; };
		C51088361D34E9E6006EF7C1 /* HYManageCommentVC.h */ = {isa = PBXFileReference; fileEncoding = 4; lastKnownFileType = sourcecode.c.h; path = HYManageCommentVC.h; sourceTree = "<group>"; };
		C51088371D34E9E6006EF7C1 /* HYManageCommentVC.m */ = {isa = PBXFileReference; fileEncoding = 4; lastKnownFileType = sourcecode.c.objc; path = HYManageCommentVC.m; sourceTree = "<group>"; };
		C51088391D34EA01006EF7C1 /* HYManageProjectVC.h */ = {isa = PBXFileReference; fileEncoding = 4; lastKnownFileType = sourcecode.c.h; path = HYManageProjectVC.h; sourceTree = "<group>"; };
		C510883A1D34EA01006EF7C1 /* HYManageProjectVC.m */ = {isa = PBXFileReference; fileEncoding = 4; lastKnownFileType = sourcecode.c.objc; path = HYManageProjectVC.m; sourceTree = "<group>"; };
		C510883F1D34ECB8006EF7C1 /* HYNavigationController.h */ = {isa = PBXFileReference; fileEncoding = 4; lastKnownFileType = sourcecode.c.h; path = HYNavigationController.h; sourceTree = "<group>"; };
		C51088401D34ECB8006EF7C1 /* HYNavigationController.m */ = {isa = PBXFileReference; fileEncoding = 4; lastKnownFileType = sourcecode.c.objc; path = HYNavigationController.m; sourceTree = "<group>"; };
		C52570141D45F150006DEFA1 /* HYPickerView.h */ = {isa = PBXFileReference; fileEncoding = 4; lastKnownFileType = sourcecode.c.h; path = HYPickerView.h; sourceTree = "<group>"; };
		C52570151D45F150006DEFA1 /* HYPickerView.m */ = {isa = PBXFileReference; fileEncoding = 4; lastKnownFileType = sourcecode.c.objc; path = HYPickerView.m; sourceTree = "<group>"; };
		C52579BC1D46FB81006080D2 /* HYPublishPicAndWordItem.h */ = {isa = PBXFileReference; fileEncoding = 4; lastKnownFileType = sourcecode.c.h; path = HYPublishPicAndWordItem.h; sourceTree = "<group>"; };
		C52579BD1D46FB81006080D2 /* HYPublishPicAndWordItem.m */ = {isa = PBXFileReference; fileEncoding = 4; lastKnownFileType = sourcecode.c.objc; path = HYPublishPicAndWordItem.m; sourceTree = "<group>"; };
		C5458ECC1D3F19360019830D /* ImageChooseCloseBtn.png */ = {isa = PBXFileReference; lastKnownFileType = image.png; path = ImageChooseCloseBtn.png; sourceTree = "<group>"; };
		C5458ECD1D3F19360019830D /* LMJImageChooseControl.h */ = {isa = PBXFileReference; fileEncoding = 4; lastKnownFileType = sourcecode.c.h; path = LMJImageChooseControl.h; sourceTree = "<group>"; };
		C5458ECE1D3F19360019830D /* LMJImageChooseControl.m */ = {isa = PBXFileReference; fileEncoding = 4; lastKnownFileType = sourcecode.c.objc; path = LMJImageChooseControl.m; sourceTree = "<group>"; };
		C547E0ED1D3DCC1E000C0F3A /* HYUserController.xib */ = {isa = PBXFileReference; fileEncoding = 4; lastKnownFileType = file.xib; path = HYUserController.xib; sourceTree = "<group>"; };
		C55D7BE41D38D208002F2BC7 /* HYCreateProjectVC.xib */ = {isa = PBXFileReference; fileEncoding = 4; lastKnownFileType = file.xib; path = HYCreateProjectVC.xib; sourceTree = "<group>"; };
		C564BDC21D363C950043E12B /* HYUserController.h */ = {isa = PBXFileReference; fileEncoding = 4; lastKnownFileType = sourcecode.c.h; path = HYUserController.h; sourceTree = "<group>"; };
		C564BDC31D363C950043E12B /* HYUserController.m */ = {isa = PBXFileReference; fileEncoding = 4; lastKnownFileType = sourcecode.c.objc; path = HYUserController.m; sourceTree = "<group>"; };
		C5707ECE1D37246000A4CA95 /* HYLoginController.h */ = {isa = PBXFileReference; fileEncoding = 4; lastKnownFileType = sourcecode.c.h; path = HYLoginController.h; sourceTree = "<group>"; };
		C5707ECF1D37246000A4CA95 /* HYLoginController.m */ = {isa = PBXFileReference; fileEncoding = 4; lastKnownFileType = sourcecode.c.objc; path = HYLoginController.m; sourceTree = "<group>"; };
		C5707ED01D37246000A4CA95 /* HYLoginController.xib */ = {isa = PBXFileReference; fileEncoding = 4; lastKnownFileType = file.xib; path = HYLoginController.xib; sourceTree = "<group>"; };
		C5707ED51D37779E00A4CA95 /* MBProgressHUD+HYHUD.h */ = {isa = PBXFileReference; fileEncoding = 4; lastKnownFileType = sourcecode.c.h; path = "MBProgressHUD+HYHUD.h"; sourceTree = "<group>"; };
		C5707ED61D37779E00A4CA95 /* MBProgressHUD+HYHUD.m */ = {isa = PBXFileReference; fileEncoding = 4; lastKnownFileType = sourcecode.c.objc; path = "MBProgressHUD+HYHUD.m"; sourceTree = "<group>"; };
		C5707ED71D37779E00A4CA95 /* MBProgressHUD.bundle */ = {isa = PBXFileReference; lastKnownFileType = "wrapper.plug-in"; path = MBProgressHUD.bundle; sourceTree = "<group>"; };
		C5707ED81D37779E00A4CA95 /* MBProgressHUD.h */ = {isa = PBXFileReference; fileEncoding = 4; lastKnownFileType = sourcecode.c.h; path = MBProgressHUD.h; sourceTree = "<group>"; };
		C5707ED91D37779E00A4CA95 /* MBProgressHUD.m */ = {isa = PBXFileReference; fileEncoding = 4; lastKnownFileType = sourcecode.c.objc; path = MBProgressHUD.m; sourceTree = "<group>"; };
		C5707EDD1D377B1500A4CA95 /* HYUserInfo.h */ = {isa = PBXFileReference; fileEncoding = 4; lastKnownFileType = sourcecode.c.h; path = HYUserInfo.h; sourceTree = "<group>"; };
		C5707EDE1D377B1500A4CA95 /* HYUserInfo.m */ = {isa = PBXFileReference; fileEncoding = 4; lastKnownFileType = sourcecode.c.objc; path = HYUserInfo.m; sourceTree = "<group>"; };
		C5A70B711D3C6ECF00900D0F /* HYPublishPictureAndWordVC.xib */ = {isa = PBXFileReference; fileEncoding = 4; lastKnownFileType = file.xib; path = HYPublishPictureAndWordVC.xib; sourceTree = "<group>"; };
		C5A70B731D3CB8D900900D0F /* HYPreviewProjectVC.xib */ = {isa = PBXFileReference; fileEncoding = 4; lastKnownFileType = file.xib; path = HYPreviewProjectVC.xib; sourceTree = "<group>"; };
		C5A70B751D3CBEDF00900D0F /* HYManageCommentVC.xib */ = {isa = PBXFileReference; fileEncoding = 4; lastKnownFileType = file.xib; path = HYManageCommentVC.xib; sourceTree = "<group>"; };
		C5A70B771D3CC23C00900D0F /* HYManageProjectVC.xib */ = {isa = PBXFileReference; fileEncoding = 4; lastKnownFileType = file.xib; path = HYManageProjectVC.xib; sourceTree = "<group>"; };
		C5B2AF971D387896003F8B3A /* HYGlobeConst.h */ = {isa = PBXFileReference; fileEncoding = 4; lastKnownFileType = sourcecode.c.h; path = HYGlobeConst.h; sourceTree = "<group>"; };
		C5B2AF981D387896003F8B3A /* HYGlobeConst.m */ = {isa = PBXFileReference; fileEncoding = 4; lastKnownFileType = sourcecode.c.objc; path = HYGlobeConst.m; sourceTree = "<group>"; };
		C5EFC6771D48AF2C00310ED2 /* HYUserManager.h */ = {isa = PBXFileReference; fileEncoding = 4; lastKnownFileType = sourcecode.c.h; path = HYUserManager.h; sourceTree = "<group>"; };
		C5EFC6781D48AF2C00310ED2 /* HYUserManager.m */ = {isa = PBXFileReference; fileEncoding = 4; lastKnownFileType = sourcecode.c.objc; path = HYUserManager.m; sourceTree = "<group>"; };
		C5FCDDB01D35D80400E283F9 /* AppDelegate.h */ = {isa = PBXFileReference; fileEncoding = 4; lastKnownFileType = sourcecode.c.h; path = AppDelegate.h; sourceTree = "<group>"; };
		C5FCDDB11D35D80400E283F9 /* AppDelegate.m */ = {isa = PBXFileReference; fileEncoding = 4; lastKnownFileType = sourcecode.c.objc; path = AppDelegate.m; sourceTree = "<group>"; };
		C5FCDDB41D35D82D00E283F9 /* UIView+HYFrame.h */ = {isa = PBXFileReference; fileEncoding = 4; lastKnownFileType = sourcecode.c.h; path = "UIView+HYFrame.h"; sourceTree = "<group>"; };
		C5FCDDB51D35D82D00E283F9 /* UIView+HYFrame.m */ = {isa = PBXFileReference; fileEncoding = 4; lastKnownFileType = sourcecode.c.objc; path = "UIView+HYFrame.m"; sourceTree = "<group>"; };
		C5FCDDB71D35D9AC00E283F9 /* HYTuWen.pch */ = {isa = PBXFileReference; lastKnownFileType = sourcecode.c.h; path = HYTuWen.pch; sourceTree = "<group>"; };
		C5FCDDB81D36182600E283F9 /* UIBarButtonItem+HYItem.h */ = {isa = PBXFileReference; fileEncoding = 4; lastKnownFileType = sourcecode.c.h; path = "UIBarButtonItem+HYItem.h"; sourceTree = "<group>"; };
		C5FCDDB91D36182600E283F9 /* UIBarButtonItem+HYItem.m */ = {isa = PBXFileReference; fileEncoding = 4; lastKnownFileType = sourcecode.c.objc; path = "UIBarButtonItem+HYItem.m"; sourceTree = "<group>"; };
		C5FD24961D333FE900A7CA89 /* tuWenZhiBo.app */ = {isa = PBXFileReference; explicitFileType = wrapper.application; includeInIndex = 0; path = tuWenZhiBo.app; sourceTree = BUILT_PRODUCTS_DIR; };
		C5FD249A1D333FE900A7CA89 /* main.m */ = {isa = PBXFileReference; lastKnownFileType = sourcecode.c.objc; path = main.m; sourceTree = "<group>"; };
		C5FD24A51D333FE900A7CA89 /* Assets.xcassets */ = {isa = PBXFileReference; lastKnownFileType = folder.assetcatalog; path = Assets.xcassets; sourceTree = "<group>"; };
		C5FD24A81D333FE900A7CA89 /* Base */ = {isa = PBXFileReference; lastKnownFileType = file.storyboard; name = Base; path = Base.lproj/LaunchScreen.storyboard; sourceTree = "<group>"; };
		C5FD24AA1D333FE900A7CA89 /* Info.plist */ = {isa = PBXFileReference; lastKnownFileType = text.plist.xml; path = Info.plist; sourceTree = "<group>"; };
		EDC1A0621585C82F81B552B3 /* Pods.debug.xcconfig */ = {isa = PBXFileReference; includeInIndex = 1; lastKnownFileType = text.xcconfig; name = Pods.debug.xcconfig; path = "Pods/Target Support Files/Pods/Pods.debug.xcconfig"; sourceTree = "<group>"; };
/* End PBXFileReference section */

/* Begin PBXFrameworksBuildPhase section */
		C5FD24931D333FE900A7CA89 /* Frameworks */ = {
			isa = PBXFrameworksBuildPhase;
			buildActionMask = 2147483647;
			files = (
				DE356081FE266C713AC672EA /* libPods.a in Frameworks */,
			);
			runOnlyForDeploymentPostprocessing = 0;
		};
/* End PBXFrameworksBuildPhase section */

/* Begin PBXGroup section */
		19046E66E7C53F8F0612C3CC /* Frameworks */ = {
			isa = PBXGroup;
			children = (
				511F9BC4C6DE1DF47FB5BEB9 /* libPods.a */,
			);
			name = Frameworks;
			sourceTree = "<group>";
		};
		96048B4D5DD28C37E7837489 /* Pods */ = {
			isa = PBXGroup;
			children = (
				EDC1A0621585C82F81B552B3 /* Pods.debug.xcconfig */,
				BEC9F7E651003E1DFA009687 /* Pods.release.xcconfig */,
			);
			name = Pods;
			sourceTree = "<group>";
		};
		C510880F1D34E439006EF7C1 /* Main(主要) */ = {
			isa = PBXGroup;
			children = (
				C51088101D34E439006EF7C1 /* Controller */,
				C51088111D34E439006EF7C1 /* Model */,
				C51088121D34E439006EF7C1 /* View */,
			);
			path = "Main(主要)";
			sourceTree = "<group>";
		};
		C51088101D34E439006EF7C1 /* Controller */ = {
			isa = PBXGroup;
			children = (
				C510882A1D34E821006EF7C1 /* HYTabBarController.h */,
				C510882B1D34E821006EF7C1 /* HYTabBarController.m */,
				C510883F1D34ECB8006EF7C1 /* HYNavigationController.h */,
				C51088401D34ECB8006EF7C1 /* HYNavigationController.m */,
			);
			path = Controller;
			sourceTree = "<group>";
		};
		C51088111D34E439006EF7C1 /* Model */ = {
			isa = PBXGroup;
			children = (
			);
			path = Model;
			sourceTree = "<group>";
		};
		C51088121D34E439006EF7C1 /* View */ = {
			isa = PBXGroup;
			children = (
				C52570141D45F150006DEFA1 /* HYPickerView.h */,
				C52570151D45F150006DEFA1 /* HYPickerView.m */,
			);
			path = View;
			sourceTree = "<group>";
		};
		C51088131D34E67E006EF7C1 /* CreateProject(项目创建) */ = {
			isa = PBXGroup;
			children = (
				C51088141D34E67E006EF7C1 /* Controller */,
				C51088151D34E67E006EF7C1 /* Model */,
				C51088161D34E67E006EF7C1 /* View */,
			);
			path = "CreateProject(项目创建)";
			sourceTree = "<group>";
		};
		C51088141D34E67E006EF7C1 /* Controller */ = {
			isa = PBXGroup;
			children = (
				C510882D1D34E97A006EF7C1 /* HYCreateProjectVC.h */,
				C510882E1D34E97A006EF7C1 /* HYCreateProjectVC.m */,
				C55D7BE41D38D208002F2BC7 /* HYCreateProjectVC.xib */,
			);
			path = Controller;
			sourceTree = "<group>";
		};
		C51088151D34E67E006EF7C1 /* Model */ = {
			isa = PBXGroup;
			children = (
			);
			path = Model;
			sourceTree = "<group>";
		};
		C51088161D34E67E006EF7C1 /* View */ = {
			isa = PBXGroup;
			children = (
			);
			path = View;
			sourceTree = "<group>";
		};
		C51088171D34E68A006EF7C1 /* PublishPictureAndWord(图文发布) */ = {
			isa = PBXGroup;
			children = (
				C51088181D34E68A006EF7C1 /* Controller */,
				C51088191D34E68A006EF7C1 /* Model */,
				C510881A1D34E68A006EF7C1 /* View */,
			);
			path = "PublishPictureAndWord(图文发布)";
			sourceTree = "<group>";
		};
		C51088181D34E68A006EF7C1 /* Controller */ = {
			isa = PBXGroup;
			children = (
				C51088301D34E9AE006EF7C1 /* HYPublishPictureAndWordVC.h */,
				C51088311D34E9AE006EF7C1 /* HYPublishPictureAndWordVC.m */,
				C5A70B711D3C6ECF00900D0F /* HYPublishPictureAndWordVC.xib */,
			);
			path = Controller;
			sourceTree = "<group>";
		};
		C51088191D34E68A006EF7C1 /* Model */ = {
			isa = PBXGroup;
			children = (
				C52579BC1D46FB81006080D2 /* HYPublishPicAndWordItem.h */,
				C52579BD1D46FB81006080D2 /* HYPublishPicAndWordItem.m */,
			);
			path = Model;
			sourceTree = "<group>";
		};
		C510881A1D34E68A006EF7C1 /* View */ = {
			isa = PBXGroup;
			children = (
			);
			path = View;
			sourceTree = "<group>";
		};
		C510881B1D34E694006EF7C1 /* PreviewProject(项目预览) */ = {
			isa = PBXGroup;
			children = (
				C510881C1D34E694006EF7C1 /* Controller */,
				C510881D1D34E694006EF7C1 /* Model */,
				C510881E1D34E694006EF7C1 /* View */,
			);
			path = "PreviewProject(项目预览)";
			sourceTree = "<group>";
		};
		C510881C1D34E694006EF7C1 /* Controller */ = {
			isa = PBXGroup;
			children = (
				C51088331D34E9D1006EF7C1 /* HYPreviewProjectVC.h */,
				C51088341D34E9D1006EF7C1 /* HYPreviewProjectVC.m */,
				C5A70B731D3CB8D900900D0F /* HYPreviewProjectVC.xib */,
			);
			path = Controller;
			sourceTree = "<group>";
		};
		C510881D1D34E694006EF7C1 /* Model */ = {
			isa = PBXGroup;
			children = (
			);
			path = Model;
			sourceTree = "<group>";
		};
		C510881E1D34E694006EF7C1 /* View */ = {
			isa = PBXGroup;
			children = (
			);
			path = View;
			sourceTree = "<group>";
		};
		C510881F1D34E69D006EF7C1 /* ManageComment(评论管理) */ = {
			isa = PBXGroup;
			children = (
				C51088201D34E69D006EF7C1 /* Controller */,
				C51088211D34E69D006EF7C1 /* Model */,
				C51088221D34E69D006EF7C1 /* View */,
			);
			path = "ManageComment(评论管理)";
			sourceTree = "<group>";
		};
		C51088201D34E69D006EF7C1 /* Controller */ = {
			isa = PBXGroup;
			children = (
				C51088361D34E9E6006EF7C1 /* HYManageCommentVC.h */,
				C51088371D34E9E6006EF7C1 /* HYManageCommentVC.m */,
				C5A70B751D3CBEDF00900D0F /* HYManageCommentVC.xib */,
			);
			path = Controller;
			sourceTree = "<group>";
		};
		C51088211D34E69D006EF7C1 /* Model */ = {
			isa = PBXGroup;
			children = (
			);
			path = Model;
			sourceTree = "<group>";
		};
		C51088221D34E69D006EF7C1 /* View */ = {
			isa = PBXGroup;
			children = (
			);
			path = View;
			sourceTree = "<group>";
		};
		C51088231D34E6A5006EF7C1 /* ManageProject(项目管理) */ = {
			isa = PBXGroup;
			children = (
				C51088241D34E6A5006EF7C1 /* Controller */,
				C51088251D34E6A5006EF7C1 /* Model */,
				C51088261D34E6A5006EF7C1 /* View */,
			);
			path = "ManageProject(项目管理)";
			sourceTree = "<group>";
		};
		C51088241D34E6A5006EF7C1 /* Controller */ = {
			isa = PBXGroup;
			children = (
				C51088391D34EA01006EF7C1 /* HYManageProjectVC.h */,
				C510883A1D34EA01006EF7C1 /* HYManageProjectVC.m */,
				C5A70B771D3CC23C00900D0F /* HYManageProjectVC.xib */,
			);
			path = Controller;
			sourceTree = "<group>";
		};
		C51088251D34E6A5006EF7C1 /* Model */ = {
			isa = PBXGroup;
			children = (
			);
			path = Model;
			sourceTree = "<group>";
		};
		C51088261D34E6A5006EF7C1 /* View */ = {
			isa = PBXGroup;
			children = (
			);
			path = View;
			sourceTree = "<group>";
		};
		C5458ECB1D3F19360019830D /* LMJImageChoose */ = {
			isa = PBXGroup;
			children = (
				C5458ECC1D3F19360019830D /* ImageChooseCloseBtn.png */,
				C5458ECD1D3F19360019830D /* LMJImageChooseControl.h */,
				C5458ECE1D3F19360019830D /* LMJImageChooseControl.m */,
			);
			path = LMJImageChoose;
			sourceTree = "<group>";
		};
		C564BDBE1D363C710043E12B /* User(用户信息) */ = {
			isa = PBXGroup;
			children = (
				C564BDBF1D363C710043E12B /* Controller */,
				C564BDC01D363C710043E12B /* Model */,
				C564BDC11D363C710043E12B /* View */,
			);
			path = "User(用户信息)";
			sourceTree = "<group>";
		};
		C564BDBF1D363C710043E12B /* Controller */ = {
			isa = PBXGroup;
			children = (
				C564BDC21D363C950043E12B /* HYUserController.h */,
				C564BDC31D363C950043E12B /* HYUserController.m */,
				C547E0ED1D3DCC1E000C0F3A /* HYUserController.xib */,
			);
			path = Controller;
			sourceTree = "<group>";
		};
		C564BDC01D363C710043E12B /* Model */ = {
			isa = PBXGroup;
			children = (
			);
			path = Model;
			sourceTree = "<group>";
		};
		C564BDC11D363C710043E12B /* View */ = {
			isa = PBXGroup;
			children = (
			);
			path = View;
			sourceTree = "<group>";
		};
		C5707ED31D37779E00A4CA95 /* Three */ = {
			isa = PBXGroup;
			children = (
				C5458ECB1D3F19360019830D /* LMJImageChoose */,
				C5707ED41D37779E00A4CA95 /* MBProgressHUD */,
			);
			path = Three;
			sourceTree = "<group>";
		};
		C5707ED41D37779E00A4CA95 /* MBProgressHUD */ = {
			isa = PBXGroup;
			children = (
				C5707ED51D37779E00A4CA95 /* MBProgressHUD+HYHUD.h */,
				C5707ED61D37779E00A4CA95 /* MBProgressHUD+HYHUD.m */,
				C5707ED71D37779E00A4CA95 /* MBProgressHUD.bundle */,
				C5707ED81D37779E00A4CA95 /* MBProgressHUD.h */,
				C5707ED91D37779E00A4CA95 /* MBProgressHUD.m */,
			);
			path = MBProgressHUD;
			sourceTree = "<group>";
		};
		C5FCDDAD1D35D80400E283F9 /* Other(其他) */ = {
			isa = PBXGroup;
			children = (
				C5FCDDAE1D35D80400E283F9 /* Category */,
				C5FCDDAF1D35D80400E283F9 /* System */,
				C5FCDDB21D35D80400E283F9 /* Tool */,
			);
			path = "Other(其他)";
			sourceTree = "<group>";
		};
		C5FCDDAE1D35D80400E283F9 /* Category */ = {
			isa = PBXGroup;
			children = (
				C5FCDDB41D35D82D00E283F9 /* UIView+HYFrame.h */,
				C5FCDDB51D35D82D00E283F9 /* UIView+HYFrame.m */,
				C5FCDDB81D36182600E283F9 /* UIBarButtonItem+HYItem.h */,
				C5FCDDB91D36182600E283F9 /* UIBarButtonItem+HYItem.m */,
			);
			path = Category;
			sourceTree = "<group>";
		};
		C5FCDDAF1D35D80400E283F9 /* System */ = {
			isa = PBXGroup;
			children = (
				C5FCDDB01D35D80400E283F9 /* AppDelegate.h */,
				C5FCDDB11D35D80400E283F9 /* AppDelegate.m */,
			);
			path = System;
			sourceTree = "<group>";
		};
		C5FCDDB21D35D80400E283F9 /* Tool */ = {
			isa = PBXGroup;
			children = (
				C5707ED31D37779E00A4CA95 /* Three */,
				C5B2AF971D387896003F8B3A /* HYGlobeConst.h */,
				C5B2AF981D387896003F8B3A /* HYGlobeConst.m */,
			);
			path = Tool;
			sourceTree = "<group>";
		};
		C5FD248D1D333FE900A7CA89 = {
			isa = PBXGroup;
			children = (
				C5FD24981D333FE900A7CA89 /* tuWenZhiBo */,
				C5FD24971D333FE900A7CA89 /* Products */,
				96048B4D5DD28C37E7837489 /* Pods */,
				19046E66E7C53F8F0612C3CC /* Frameworks */,
			);
			sourceTree = "<group>";
		};
		C5FD24971D333FE900A7CA89 /* Products */ = {
			isa = PBXGroup;
			children = (
				C5FD24961D333FE900A7CA89 /* tuWenZhiBo.app */,
			);
			name = Products;
			sourceTree = "<group>";
		};
		C5FD24981D333FE900A7CA89 /* tuWenZhiBo */ = {
			isa = PBXGroup;
			children = (
				C510880F1D34E439006EF7C1 /* Main(主要) */,
				C5FD24BC1D33450700A7CA89 /* Login(登录) */,
				C51088131D34E67E006EF7C1 /* CreateProject(项目创建) */,
				C51088171D34E68A006EF7C1 /* PublishPictureAndWord(图文发布) */,
				C510881B1D34E694006EF7C1 /* PreviewProject(项目预览) */,
				C510881F1D34E69D006EF7C1 /* ManageComment(评论管理) */,
				C51088231D34E6A5006EF7C1 /* ManageProject(项目管理) */,
				C564BDBE1D363C710043E12B /* User(用户信息) */,
				C5FCDDAD1D35D80400E283F9 /* Other(其他) */,
				C5FD24A51D333FE900A7CA89 /* Assets.xcassets */,
				C5FD24AA1D333FE900A7CA89 /* Info.plist */,
				C5FCDDB71D35D9AC00E283F9 /* HYTuWen.pch */,
				C5FD24991D333FE900A7CA89 /* Supporting Files */,
			);
			path = tuWenZhiBo;
			sourceTree = "<group>";
		};
		C5FD24991D333FE900A7CA89 /* Supporting Files */ = {
			isa = PBXGroup;
			children = (
				C5FD24A71D333FE900A7CA89 /* LaunchScreen.storyboard */,
				C5FD249A1D333FE900A7CA89 /* main.m */,
			);
			name = "Supporting Files";
			sourceTree = "<group>";
		};
		C5FD24BC1D33450700A7CA89 /* Login(登录) */ = {
			isa = PBXGroup;
			children = (
				C5FD24BD1D33450700A7CA89 /* Controller */,
				C5FD24C11D33450700A7CA89 /* Model */,
				C5FD24C21D33450700A7CA89 /* View */,
			);
			path = "Login(登录)";
			sourceTree = "<group>";
		};
		C5FD24BD1D33450700A7CA89 /* Controller */ = {
			isa = PBXGroup;
			children = (
				C5707ECE1D37246000A4CA95 /* HYLoginController.h */,
				C5707ECF1D37246000A4CA95 /* HYLoginController.m */,
				C5707ED01D37246000A4CA95 /* HYLoginController.xib */,
			);
			path = Controller;
			sourceTree = "<group>";
		};
		C5FD24C11D33450700A7CA89 /* Model */ = {
			isa = PBXGroup;
			children = (
				C5707EDD1D377B1500A4CA95 /* HYUserInfo.h */,
				C5707EDE1D377B1500A4CA95 /* HYUserInfo.m */,
			);
			path = Model;
			sourceTree = "<group>";
		};
		C5FD24C21D33450700A7CA89 /* View */ = {
			isa = PBXGroup;
			children = (
				C5EFC6771D48AF2C00310ED2 /* HYUserManager.h */,
				C5EFC6781D48AF2C00310ED2 /* HYUserManager.m */,
			);
			path = View;
			sourceTree = "<group>";
		};
/* End PBXGroup section */

/* Begin PBXNativeTarget section */
		C5FD24951D333FE900A7CA89 /* tuWenZhiBo */ = {
			isa = PBXNativeTarget;
			buildConfigurationList = C5FD24AD1D333FE900A7CA89 /* Build configuration list for PBXNativeTarget "tuWenZhiBo" */;
			buildPhases = (
				E0AB6013AA74F9E04598506A /* Check Pods Manifest.lock */,
				C5FD24921D333FE900A7CA89 /* Sources */,
				C5FD24931D333FE900A7CA89 /* Frameworks */,
				C5FD24941D333FE900A7CA89 /* Resources */,
				FCF02DC743132F779AEAF0F6 /* Embed Pods Frameworks */,
				92A88EA4538F83B0D71E25F9 /* Copy Pods Resources */,
			);
			buildRules = (
			);
			dependencies = (
			);
			name = tuWenZhiBo;
			productName = tuWenZhiBo;
			productReference = C5FD24961D333FE900A7CA89 /* tuWenZhiBo.app */;
			productType = "com.apple.product-type.application";
		};
/* End PBXNativeTarget section */

/* Begin PBXProject section */
		C5FD248E1D333FE900A7CA89 /* Project object */ = {
			isa = PBXProject;
			attributes = {
				CLASSPREFIX = HY;
				LastUpgradeCheck = 0730;
				ORGANIZATIONNAME = jntv;
				TargetAttributes = {
					C5FD24951D333FE900A7CA89 = {
						CreatedOnToolsVersion = 7.3.1;
						DevelopmentTeam = 6LSV6665XR;
					};
				};
			};
			buildConfigurationList = C5FD24911D333FE900A7CA89 /* Build configuration list for PBXProject "tuWenZhiBo" */;
			compatibilityVersion = "Xcode 3.2";
			developmentRegion = English;
			hasScannedForEncodings = 0;
			knownRegions = (
				en,
				Base,
			);
			mainGroup = C5FD248D1D333FE900A7CA89;
			productRefGroup = C5FD24971D333FE900A7CA89 /* Products */;
			projectDirPath = "";
			projectRoot = "";
			targets = (
				C5FD24951D333FE900A7CA89 /* tuWenZhiBo */,
			);
		};
/* End PBXProject section */

/* Begin PBXResourcesBuildPhase section */
		C5FD24941D333FE900A7CA89 /* Resources */ = {
			isa = PBXResourcesBuildPhase;
			buildActionMask = 2147483647;
			files = (
				C5FD24A91D333FE900A7CA89 /* LaunchScreen.storyboard in Resources */,
				C55D7BE51D38D208002F2BC7 /* HYCreateProjectVC.xib in Resources */,
				C5A70B721D3C6ECF00900D0F /* HYPublishPictureAndWordVC.xib in Resources */,
				C5A70B741D3CB8D900900D0F /* HYPreviewProjectVC.xib in Resources */,
				C5A70B781D3CC23C00900D0F /* HYManageProjectVC.xib in Resources */,
				C5458ECF1D3F19360019830D /* ImageChooseCloseBtn.png in Resources */,
				C5A70B761D3CBEDF00900D0F /* HYManageCommentVC.xib in Resources */,
				C5707EDB1D37779E00A4CA95 /* MBProgressHUD.bundle in Resources */,
				C547E0EE1D3DCC1E000C0F3A /* HYUserController.xib in Resources */,
				C5707ED21D37246000A4CA95 /* HYLoginController.xib in Resources */,
				C5FD24A61D333FE900A7CA89 /* Assets.xcassets in Resources */,
			);
			runOnlyForDeploymentPostprocessing = 0;
		};
/* End PBXResourcesBuildPhase section */

/* Begin PBXShellScriptBuildPhase section */
		92A88EA4538F83B0D71E25F9 /* Copy Pods Resources */ = {
			isa = PBXShellScriptBuildPhase;
			buildActionMask = 2147483647;
			files = (
			);
			inputPaths = (
			);
			name = "Copy Pods Resources";
			outputPaths = (
			);
			runOnlyForDeploymentPostprocessing = 0;
			shellPath = /bin/sh;
			shellScript = "\"${SRCROOT}/Pods/Target Support Files/Pods/Pods-resources.sh\"\n";
			showEnvVarsInLog = 0;
		};
		E0AB6013AA74F9E04598506A /* Check Pods Manifest.lock */ = {
			isa = PBXShellScriptBuildPhase;
			buildActionMask = 2147483647;
			files = (
			);
			inputPaths = (
			);
			name = "Check Pods Manifest.lock";
			outputPaths = (
			);
			runOnlyForDeploymentPostprocessing = 0;
			shellPath = /bin/sh;
			shellScript = "diff \"${PODS_ROOT}/../Podfile.lock\" \"${PODS_ROOT}/Manifest.lock\" > /dev/null\nif [[ $? != 0 ]] ; then\n    cat << EOM\nerror: The sandbox is not in sync with the Podfile.lock. Run 'pod install' or update your CocoaPods installation.\nEOM\n    exit 1\nfi\n";
			showEnvVarsInLog = 0;
		};
		FCF02DC743132F779AEAF0F6 /* Embed Pods Frameworks */ = {
			isa = PBXShellScriptBuildPhase;
			buildActionMask = 2147483647;
			files = (
			);
			inputPaths = (
			);
			name = "Embed Pods Frameworks";
			outputPaths = (
			);
			runOnlyForDeploymentPostprocessing = 0;
			shellPath = /bin/sh;
			shellScript = "\"${SRCROOT}/Pods/Target Support Files/Pods/Pods-frameworks.sh\"\n";
			showEnvVarsInLog = 0;
		};
/* End PBXShellScriptBuildPhase section */

/* Begin PBXSourcesBuildPhase section */
		C5FD24921D333FE900A7CA89 /* Sources */ = {
			isa = PBXSourcesBuildPhase;
			buildActionMask = 2147483647;
			files = (
				C510883B1D34EA01006EF7C1 /* HYManageProjectVC.m in Sources */,
				C510882C1D34E821006EF7C1 /* HYTabBarController.m in Sources */,
				C52570161D45F150006DEFA1 /* HYPickerView.m in Sources */,
				C5FD249B1D333FE900A7CA89 /* main.m in Sources */,
				C5707EDF1D377B1500A4CA95 /* HYUserInfo.m in Sources */,
				C51088351D34E9D1006EF7C1 /* HYPreviewProjectVC.m in Sources */,
				C5EFC6791D48AF2C00310ED2 /* HYUserManager.m in Sources */,
				C5707EDA1D37779E00A4CA95 /* MBProgressHUD+HYHUD.m in Sources */,
				C5458ED01D3F19360019830D /* LMJImageChooseControl.m in Sources */,
				C5FCDDB31D35D80400E283F9 /* AppDelegate.m in Sources */,
				C51088411D34ECB8006EF7C1 /* HYNavigationController.m in Sources */,
				C52579BE1D46FB81006080D2 /* HYPublishPicAndWordItem.m in Sources */,
				C5707EDC1D37779E00A4CA95 /* MBProgressHUD.m in Sources */,
				C5FCDDB61D35D82D00E283F9 /* UIView+HYFrame.m in Sources */,
				C510882F1D34E97A006EF7C1 /* HYCreateProjectVC.m in Sources */,
				C5707ED11D37246000A4CA95 /* HYLoginController.m in Sources */,
				C51088381D34E9E6006EF7C1 /* HYManageCommentVC.m in Sources */,
				C564BDC41D363C950043E12B /* HYUserController.m in Sources */,
				C5FCDDBA1D36182600E283F9 /* UIBarButtonItem+HYItem.m in Sources */,
				C5B2AF991D387896003F8B3A /* HYGlobeConst.m in Sources */,
				C51088321D34E9AE006EF7C1 /* HYPublishPictureAndWordVC.m in Sources */,
			);
			runOnlyForDeploymentPostprocessing = 0;
		};
/* End PBXSourcesBuildPhase section */

/* Begin PBXVariantGroup section */
		C5FD24A71D333FE900A7CA89 /* LaunchScreen.storyboard */ = {
			isa = PBXVariantGroup;
			children = (
				C5FD24A81D333FE900A7CA89 /* Base */,
			);
			name = LaunchScreen.storyboard;
			sourceTree = "<group>";
		};
/* End PBXVariantGroup section */

/* Begin XCBuildConfiguration section */
		C5FD24AB1D333FE900A7CA89 /* Debug */ = {
			isa = XCBuildConfiguration;
			buildSettings = {
				ALWAYS_SEARCH_USER_PATHS = NO;
				CLANG_ANALYZER_NONNULL = YES;
				CLANG_CXX_LANGUAGE_STANDARD = "gnu++0x";
				CLANG_CXX_LIBRARY = "libc++";
				CLANG_ENABLE_MODULES = YES;
				CLANG_ENABLE_OBJC_ARC = YES;
				CLANG_WARN_BOOL_CONVERSION = YES;
				CLANG_WARN_CONSTANT_CONVERSION = YES;
				CLANG_WARN_DIRECT_OBJC_ISA_USAGE = YES_ERROR;
				CLANG_WARN_EMPTY_BODY = YES;
				CLANG_WARN_ENUM_CONVERSION = YES;
				CLANG_WARN_INT_CONVERSION = YES;
				CLANG_WARN_OBJC_ROOT_CLASS = YES_ERROR;
				CLANG_WARN_UNREACHABLE_CODE = YES;
				CLANG_WARN__DUPLICATE_METHOD_MATCH = YES;
				"CODE_SIGN_IDENTITY[sdk=iphoneos*]" = "iPhone Developer";
				COPY_PHASE_STRIP = NO;
				DEBUG_INFORMATION_FORMAT = dwarf;
				ENABLE_STRICT_OBJC_MSGSEND = YES;
				ENABLE_TESTABILITY = YES;
				GCC_C_LANGUAGE_STANDARD = gnu99;
				GCC_DYNAMIC_NO_PIC = NO;
				GCC_NO_COMMON_BLOCKS = YES;
				GCC_OPTIMIZATION_LEVEL = 0;
				GCC_PREPROCESSOR_DEFINITIONS = (
					"DEBUG=1",
					"$(inherited)",
				);
				GCC_WARN_64_TO_32_BIT_CONVERSION = YES;
				GCC_WARN_ABOUT_RETURN_TYPE = YES_ERROR;
				GCC_WARN_UNDECLARED_SELECTOR = YES;
				GCC_WARN_UNINITIALIZED_AUTOS = YES_AGGRESSIVE;
				GCC_WARN_UNUSED_FUNCTION = YES;
				GCC_WARN_UNUSED_VARIABLE = YES;
				IPHONEOS_DEPLOYMENT_TARGET = 9.3;
				MTL_ENABLE_DEBUG_INFO = YES;
				ONLY_ACTIVE_ARCH = YES;
				SDKROOT = iphoneos;
			};
			name = Debug;
		};
		C5FD24AC1D333FE900A7CA89 /* Release */ = {
			isa = XCBuildConfiguration;
			buildSettings = {
				ALWAYS_SEARCH_USER_PATHS = NO;
				CLANG_ANALYZER_NONNULL = YES;
				CLANG_CXX_LANGUAGE_STANDARD = "gnu++0x";
				CLANG_CXX_LIBRARY = "libc++";
				CLANG_ENABLE_MODULES = YES;
				CLANG_ENABLE_OBJC_ARC = YES;
				CLANG_WARN_BOOL_CONVERSION = YES;
				CLANG_WARN_CONSTANT_CONVERSION = YES;
				CLANG_WARN_DIRECT_OBJC_ISA_USAGE = YES_ERROR;
				CLANG_WARN_EMPTY_BODY = YES;
				CLANG_WARN_ENUM_CONVERSION = YES;
				CLANG_WARN_INT_CONVERSION = YES;
				CLANG_WARN_OBJC_ROOT_CLASS = YES_ERROR;
				CLANG_WARN_UNREACHABLE_CODE = YES;
				CLANG_WARN__DUPLICATE_METHOD_MATCH = YES;
				"CODE_SIGN_IDENTITY[sdk=iphoneos*]" = "iPhone Developer";
				COPY_PHASE_STRIP = NO;
				DEBUG_INFORMATION_FORMAT = "dwarf-with-dsym";
				ENABLE_NS_ASSERTIONS = NO;
				ENABLE_STRICT_OBJC_MSGSEND = YES;
				GCC_C_LANGUAGE_STANDARD = gnu99;
				GCC_NO_COMMON_BLOCKS = YES;
				GCC_WARN_64_TO_32_BIT_CONVERSION = YES;
				GCC_WARN_ABOUT_RETURN_TYPE = YES_ERROR;
				GCC_WARN_UNDECLARED_SELECTOR = YES;
				GCC_WARN_UNINITIALIZED_AUTOS = YES_AGGRESSIVE;
				GCC_WARN_UNUSED_FUNCTION = YES;
				GCC_WARN_UNUSED_VARIABLE = YES;
				IPHONEOS_DEPLOYMENT_TARGET = 9.3;
				MTL_ENABLE_DEBUG_INFO = NO;
				SDKROOT = iphoneos;
				VALIDATE_PRODUCT = YES;
			};
			name = Release;
		};
		C5FD24AE1D333FE900A7CA89 /* Debug */ = {
			isa = XCBuildConfiguration;
			baseConfigurationReference = EDC1A0621585C82F81B552B3 /* Pods.debug.xcconfig */;
			buildSettings = {
				ASSETCATALOG_COMPILER_APPICON_NAME = AppIcon;
				CODE_SIGN_IDENTITY = "iPhone Developer";
				"CODE_SIGN_IDENTITY[sdk=iphoneos*]" = "iPhone Developer";
				GCC_PREFIX_HEADER = ./tuWenZhiBo/HYTuWen.pch;
				INFOPLIST_FILE = tuWenZhiBo/Info.plist;
				IPHONEOS_DEPLOYMENT_TARGET = 8.0;
				LD_RUNPATH_SEARCH_PATHS = "$(inherited) @executable_path/Frameworks";
				PRODUCT_BUNDLE_IDENTIFIER = ijntv.lihaoyi.tuWenZhiBo;
				PRODUCT_NAME = "$(TARGET_NAME)";
				PROVISIONING_PROFILE = "";
			};
			name = Debug;
		};
		C5FD24AF1D333FE900A7CA89 /* Release */ = {
			isa = XCBuildConfiguration;
			baseConfigurationReference = BEC9F7E651003E1DFA009687 /* Pods.release.xcconfig */;
			buildSettings = {
				ASSETCATALOG_COMPILER_APPICON_NAME = AppIcon;
				CODE_SIGN_IDENTITY = "iPhone Developer";
				"CODE_SIGN_IDENTITY[sdk=iphoneos*]" = "iPhone Developer";
				GCC_PREFIX_HEADER = ./tuWenZhiBo/HYTuWen.pch;
				INFOPLIST_FILE = tuWenZhiBo/Info.plist;
				IPHONEOS_DEPLOYMENT_TARGET = 8.0;
				LD_RUNPATH_SEARCH_PATHS = "$(inherited) @executable_path/Frameworks";
				PRODUCT_BUNDLE_IDENTIFIER = ijntv.lihaoyi.tuWenZhiBo;
				PRODUCT_NAME = "$(TARGET_NAME)";
				PROVISIONING_PROFILE = "";
			};
			name = Release;
		};
/* End XCBuildConfiguration section */

/* Begin XCConfigurationList section */
		C5FD24911D333FE900A7CA89 /* Build configuration list for PBXProject "tuWenZhiBo" */ = {
			isa = XCConfigurationList;
			buildConfigurations = (
				C5FD24AB1D333FE900A7CA89 /* Debug */,
				C5FD24AC1D333FE900A7CA89 /* Release */,
			);
			defaultConfigurationIsVisible = 0;
			defaultConfigurationName = Release;
		};
		C5FD24AD1D333FE900A7CA89 /* Build configuration list for PBXNativeTarget "tuWenZhiBo" */ = {
			isa = XCConfigurationList;
			buildConfigurations = (
				C5FD24AE1D333FE900A7CA89 /* Debug */,
				C5FD24AF1D333FE900A7CA89 /* Release */,
			);
			defaultConfigurationIsVisible = 0;
			defaultConfigurationName = Release;
		};
/* End XCConfigurationList section */
	};
	rootObject = C5FD248E1D333FE900A7CA89 /* Project object */;
}
